
Microsoft Visual Studio Solution File, Format Version 12.00
# Visual Studio Version 16
VisualStudioVersion = 16.0.30114.105
MinimumVisualStudioVersion = 10.0.40219.1
Project("{FAE04EC0-301F-11D3-BF4B-00C04F79EFBC}") = "ApexRestaurant.Repository", "ApexRestaurant.Repository\ApexRestaurant.Repository.csproj", "{BD68A895-5918-4B39-ACA2-02ED67D2ABF6}"
EndProject
Project("{FAE04EC0-301F-11D3-BF4B-00C04F79EFBC}") = "ApexRestaurant.Services", "ApexRestaurant.Services\ApexRestaurant.Services.csproj", "{9F3C093A-58D9-4BBE-BB6B-5D5B693FDDE3}"
EndProject
Project("{FAE04EC0-301F-11D3-BF4B-00C04F79EFBC}") = "ApexRestaurant.Api", "ApexRestaurant.Api\ApexRestaurant.Api.csproj", "{6E2BA9F8-2EEB-4242-89A7-583863C61995}"
EndProject
Project("{FAE04EC0-301F-11D3-BF4B-00C04F79EFBC}") = "ApexRestaurant.Mvc", "ApexRestaurant.Mvc\ApexRestaurant.Mvc.csproj", "{28C4C91C-DF60-4BCD-A13F-0C8614AD0686}"
EndProject
Global
	GlobalSection(SolutionConfigurationPlatforms) = preSolution
		Debug|Any CPU = Debug|Any CPU
		Debug|x64 = Debug|x64
		Debug|x86 = Debug|x86
		Release|Any CPU = Release|Any CPU
		Release|x64 = Release|x64
		Release|x86 = Release|x86
	EndGlobalSection
	GlobalSection(SolutionProperties) = preSolution
		HideSolutionNode = FALSE
	EndGlobalSection
	GlobalSection(ProjectConfigurationPlatforms) = postSolution
		{BD68A895-5918-4B39-ACA2-02ED67D2ABF6}.Debug|Any CPU.ActiveCfg = Debug|Any CPU
		{BD68A895-5918-4B39-ACA2-02ED67D2ABF6}.Debug|Any CPU.Build.0 = Debug|Any CPU
		{BD68A895-5918-4B39-ACA2-02ED67D2ABF6}.Debug|x64.ActiveCfg = Debug|Any CPU
		{BD68A895-5918-4B39-ACA2-02ED67D2ABF6}.Debug|x64.Build.0 = Debug|Any CPU
		{BD68A895-5918-4B39-ACA2-02ED67D2ABF6}.Debug|x86.ActiveCfg = Debug|Any CPU
		{BD68A895-5918-4B39-ACA2-02ED67D2ABF6}.Debug|x86.Build.0 = Debug|Any CPU
		{BD68A895-5918-4B39-ACA2-02ED67D2ABF6}.Release|Any CPU.ActiveCfg = Release|Any CPU
		{BD68A895-5918-4B39-ACA2-02ED67D2ABF6}.Release|Any CPU.Build.0 = Release|Any CPU
		{BD68A895-5918-4B39-ACA2-02ED67D2ABF6}.Release|x64.ActiveCfg = Release|Any CPU
		{BD68A895-5918-4B39-ACA2-02ED67D2ABF6}.Release|x64.Build.0 = Release|Any CPU
		{BD68A895-5918-4B39-ACA2-02ED67D2ABF6}.Release|x86.ActiveCfg = Release|Any CPU
		{BD68A895-5918-4B39-ACA2-02ED67D2ABF6}.Release|x86.Build.0 = Release|Any CPU
		{9F3C093A-58D9-4BBE-BB6B-5D5B693FDDE3}.Debug|Any CPU.ActiveCfg = Debug|Any CPU
		{9F3C093A-58D9-4BBE-BB6B-5D5B693FDDE3}.Debug|Any CPU.Build.0 = Debug|Any CPU
		{9F3C093A-58D9-4BBE-BB6B-5D5B693FDDE3}.Debug|x64.ActiveCfg = Debug|Any CPU
		{9F3C093A-58D9-4BBE-BB6B-5D5B693FDDE3}.Debug|x64.Build.0 = Debug|Any CPU
		{9F3C093A-58D9-4BBE-BB6B-5D5B693FDDE3}.Debug|x86.ActiveCfg = Debug|Any CPU
		{9F3C093A-58D9-4BBE-BB6B-5D5B693FDDE3}.Debug|x86.Build.0 = Debug|Any CPU
		{9F3C093A-58D9-4BBE-BB6B-5D5B693FDDE3}.Release|Any CPU.ActiveCfg = Release|Any CPU
		{9F3C093A-58D9-4BBE-BB6B-5D5B693FDDE3}.Release|Any CPU.Build.0 = Release|Any CPU
		{9F3C093A-58D9-4BBE-BB6B-5D5B693FDDE3}.Release|x64.ActiveCfg = Release|Any CPU
		{9F3C093A-58D9-4BBE-BB6B-5D5B693FDDE3}.Release|x64.Build.0 = Release|Any CPU
		{9F3C093A-58D9-4BBE-BB6B-5D5B693FDDE3}.Release|x86.ActiveCfg = Release|Any CPU
		{9F3C093A-58D9-4BBE-BB6B-5D5B693FDDE3}.Release|x86.Build.0 = Release|Any CPU
		{6E2BA9F8-2EEB-4242-89A7-583863C61995}.Debug|Any CPU.ActiveCfg = Debug|Any CPU
		{6E2BA9F8-2EEB-4242-89A7-583863C61995}.Debug|Any CPU.Build.0 = Debug|Any CPU
		{6E2BA9F8-2EEB-4242-89A7-583863C61995}.Debug|x64.ActiveCfg = Debug|Any CPU
		{6E2BA9F8-2EEB-4242-89A7-583863C61995}.Debug|x64.Build.0 = Debug|Any CPU
		{6E2BA9F8-2EEB-4242-89A7-583863C61995}.Debug|x86.ActiveCfg = Debug|Any CPU
		{6E2BA9F8-2EEB-4242-89A7-583863C61995}.Debug|x86.Build.0 = Debug|Any CPU
		{6E2BA9F8-2EEB-4242-89A7-583863C61995}.Release|Any CPU.ActiveCfg = Release|Any CPU
		{6E2BA9F8-2EEB-4242-89A7-583863C61995}.Release|Any CPU.Build.0 = Release|Any CPU
		{6E2BA9F8-2EEB-4242-89A7-583863C61995}.Release|x64.ActiveCfg = Release|Any CPU
		{6E2BA9F8-2EEB-4242-89A7-583863C61995}.Release|x64.Build.0 = Release|Any CPU
		{6E2BA9F8-2EEB-4242-89A7-583863C61995}.Release|x86.ActiveCfg = Release|Any CPU
		{6E2BA9F8-2EEB-4242-89A7-583863C61995}.Release|x86.Build.0 = Release|Any CPU
		{28C4C91C-DF60-4BCD-A13F-0C8614AD0686}.Debug|Any CPU.ActiveCfg = Debug|Any CPU
		{28C4C91C-DF60-4BCD-A13F-0C8614AD0686}.Debug|Any CPU.Build.0 = Debug|Any CPU
		{28C4C91C-DF60-4BCD-A13F-0C8614AD0686}.Debug|x64.ActiveCfg = Debug|Any CPU
		{28C4C91C-DF60-4BCD-A13F-0C8614AD0686}.Debug|x64.Build.0 = Debug|Any CPU
		{28C4C91C-DF60-4BCD-A13F-0C8614AD0686}.Debug|x86.ActiveCfg = Debug|Any CPU
		{28C4C91C-DF60-4BCD-A13F-0C8614AD0686}.Debug|x86.Build.0 = Debug|Any CPU
		{28C4C91C-DF60-4BCD-A13F-0C8614AD0686}.Release|Any CPU.ActiveCfg = Release|Any CPU
		{28C4C91C-DF60-4BCD-A13F-0C8614AD0686}.Release|Any CPU.Build.0 = Release|Any CPU
		{28C4C91C-DF60-4BCD-A13F-0C8614AD0686}.Release|x64.ActiveCfg = Release|Any CPU
		{28C4C91C-DF60-4BCD-A13F-0C8614AD0686}.Release|x64.Build.0 = Release|Any CPU
		{28C4C91C-DF60-4BCD-A13F-0C8614AD0686}.Release|x86.ActiveCfg = Release|Any CPU
		{28C4C91C-DF60-4BCD-A13F-0C8614AD0686}.Release|x86.Build.0 = Release|Any CPU
	EndGlobalSection
EndGlobal
